
Microsoft Visual Studio Solution File, Format Version 12.00
# Visual Studio Version 16
VisualStudioVersion = 16.0.29001.49
MinimumVisualStudioVersion = 10.0.40219.1
Project("{FAE04EC0-301F-11D3-BF4B-00C04F79EFBC}") = "move pic 2019 kidda", "move pic 2019 kidda\move pic 2019 kidda.csproj", "{04EE877E-1BC3-41D1-B313-63E392983BF3}"
EndProject
Global
	GlobalSection(SolutionConfigurationPlatforms) = preSolution
		Debug|Any CPU = Debug|Any CPU
		Release|Any CPU = Release|Any CPU
	EndGlobalSection
	GlobalSection(ProjectConfigurationPlatforms) = postSolution
		{04EE877E-1BC3-41D1-B313-63E392983BF3}.Debug|Any CPU.ActiveCfg = Debug|Any CPU
		{04EE877E-1BC3-41D1-B313-63E392983BF3}.Debug|Any CPU.Build.0 = Debug|Any CPU
		{04EE877E-1BC3-41D1-B313-63E392983BF3}.Release|Any CPU.ActiveCfg = Release|Any CPU
		{04EE877E-1BC3-41D1-B313-63E392983BF3}.Release|Any CPU.Build.0 = Release|Any CPU
	EndGlobalSection
	GlobalSection(SolutionProperties) = preSolution
		HideSolutionNode = FALSE
	EndGlobalSection
	GlobalSection(ExtensibilityGlobals) = postSolution
		SolutionGuid = {4CC9F624-31B8-4832-9F83-AE3F352CAC57}
	EndGlobalSection
EndGlobal
